{
  "name": "wasm-imagick-demo",
  "lockfileVersion": 2,
  "requires": true,
  "packages": {
    "": {
      "dependencies": {
        "@imagemagick/magick-wasm": "^0.0.8"
      }
    },
    "node_modules/@imagemagick/magick-wasm": {
      "version": "0.0.8",
      "resolved": "https://registry.npmjs.org/@imagemagick/magick-wasm/-/magick-wasm-0.0.8.tgz",
      "integrity": "sha512-c25cLrnx0H7hokeD5IIcfohc0YOxNF1SECk7CONEoIwI/M1BgGr3aWrFBHvB7+4YetR2H3LDLh908ix8m17B7Q=="
    }
  },
  "dependencies": {
    "@imagemagick/magick-wasm": {
      "version": "0.0.8",
      "resolved": "https://registry.npmjs.org/@imagemagick/magick-wasm/-/magick-wasm-0.0.8.tgz",
      "integrity": "sha512-c25cLrnx0H7hokeD5IIcfohc0YOxNF1SECk7CONEoIwI/M1BgGr3aWrFBHvB7+4YetR2H3LDLh908ix8m17B7Q=="
    }
  }
}
